// !$*UTF8*$!
{
	archiveVersion = 1;
	classes = {
	};
	objectVersion = 46;
	objects = {

/* Begin PBXBuildFile section */
		A207FFC81ACE39D200A07829 /* PhotoAlbumViewController.swift in Sources */ = {isa = PBXBuildFile; fileRef = A207FFC71ACE39D200A07829 /* PhotoAlbumViewController.swift */; };
		A213C3A11B7E6F1D00BE05B8 /* CoreDataStackManager.swift in Sources */ = {isa = PBXBuildFile; fileRef = A213C3A01B7E6F1D00BE05B8 /* CoreDataStackManager.swift */; };
		A213C3A41B7E707700BE05B8 /* Model.xcdatamodeld in Sources */ = {isa = PBXBuildFile; fileRef = A213C3A21B7E707700BE05B8 /* Model.xcdatamodeld */; };
		A21760161ACDBF1F000BF6E2 /* MapKit.framework in Frameworks */ = {isa = PBXBuildFile; fileRef = A21760151ACDBF1F000BF6E2 /* MapKit.framework */; };
		A21760181ACDC1D7000BF6E2 /* MapViewController.swift in Sources */ = {isa = PBXBuildFile; fileRef = A21760171ACDC1D7000BF6E2 /* MapViewController.swift */; };
		A217601C1ACDC226000BF6E2 /* Pin.swift in Sources */ = {isa = PBXBuildFile; fileRef = A217601B1ACDC226000BF6E2 /* Pin.swift */; };
		A217601E1ACDC23D000BF6E2 /* Photo.swift in Sources */ = {isa = PBXBuildFile; fileRef = A217601D1ACDC23D000BF6E2 /* Photo.swift */; };
		A21760201ACDC2E3000BF6E2 /* DownloadPhotos.swift in Sources */ = {isa = PBXBuildFile; fileRef = A217601F1ACDC2E3000BF6E2 /* DownloadPhotos.swift */; };
		A25037CD1B8346700098D00D /* PhotoCell.swift in Sources */ = {isa = PBXBuildFile; fileRef = A25037CC1B8346700098D00D /* PhotoCell.swift */; };
		A2A5F5C21ACDB9FA00BF8525 /* AppDelegate.swift in Sources */ = {isa = PBXBuildFile; fileRef = A2A5F5C11ACDB9FA00BF8525 /* AppDelegate.swift */; };
		A2A5F5C71ACDB9FA00BF8525 /* Main.storyboard in Resources */ = {isa = PBXBuildFile; fileRef = A2A5F5C51ACDB9FA00BF8525 /* Main.storyboard */; };
		A2A5F5C91ACDB9FA00BF8525 /* Images.xcassets in Resources */ = {isa = PBXBuildFile; fileRef = A2A5F5C81ACDB9FA00BF8525 /* Images.xcassets */; };
		A2A5F5CC1ACDB9FA00BF8525 /* LaunchScreen.xib in Resources */ = {isa = PBXBuildFile; fileRef = A2A5F5CA1ACDB9FA00BF8525 /* LaunchScreen.xib */; };
		A2A5F5D81ACDB9FA00BF8525 /* Virtual_TouristTests.swift in Sources */ = {isa = PBXBuildFile; fileRef = A2A5F5D71ACDB9FA00BF8525 /* Virtual_TouristTests.swift */; };
		A2E8B88E1B84965C00BEE7BC /* PhotoCollectionView.swift in Sources */ = {isa = PBXBuildFile; fileRef = A2E8B88D1B84965C00BEE7BC /* PhotoCollectionView.swift */; };
		A2FDB8D21B81328500D302CE /* Map.swift in Sources */ = {isa = PBXBuildFile; fileRef = A2FDB8D11B81328500D302CE /* Map.swift */; };
/* End PBXBuildFile section */

/* Begin PBXContainerItemProxy section */
		A2A5F5D21ACDB9FA00BF8525 /* PBXContainerItemProxy */ = {
			isa = PBXContainerItemProxy;
			containerPortal = A2A5F5B41ACDB9FA00BF8525 /* Project object */;
			proxyType = 1;
			remoteGlobalIDString = A2A5F5BB1ACDB9FA00BF8525;
			remoteInfo = "Virtual Tourist";
		};
/* End PBXContainerItemProxy section */

/* Begin PBXFileReference section */
		A207FFC71ACE39D200A07829 /* PhotoAlbumViewController.swift */ = {isa = PBXFileReference; fileEncoding = 4; lastKnownFileType = sourcecode.swift; path = PhotoAlbumViewController.swift; sourceTree = "<group>"; usesTabs = 1; };
		A213C3A01B7E6F1D00BE05B8 /* CoreDataStackManager.swift */ = {isa = PBXFileReference; fileEncoding = 4; lastKnownFileType = sourcecode.swift; path = CoreDataStackManager.swift; sourceTree = "<group>"; usesTabs = 1; };
		A213C3A31B7E707700BE05B8 /* Model.xcdatamodel */ = {isa = PBXFileReference; lastKnownFileType = wrapper.xcdatamodel; path = Model.xcdatamodel; sourceTree = "<group>"; };
		A21760151ACDBF1F000BF6E2 /* MapKit.framework */ = {isa = PBXFileReference; lastKnownFileType = wrapper.framework; name = MapKit.framework; path = System/Library/Frameworks/MapKit.framework; sourceTree = SDKROOT; };
		A21760171ACDC1D7000BF6E2 /* MapViewController.swift */ = {isa = PBXFileReference; fileEncoding = 4; lastKnownFileType = sourcecode.swift; path = MapViewController.swift; sourceTree = "<group>"; usesTabs = 1; };
		A217601B1ACDC226000BF6E2 /* Pin.swift */ = {isa = PBXFileReference; fileEncoding = 4; lastKnownFileType = sourcecode.swift; path = Pin.swift; sourceTree = "<group>"; usesTabs = 1; };
		A217601D1ACDC23D000BF6E2 /* Photo.swift */ = {isa = PBXFileReference; fileEncoding = 4; lastKnownFileType = sourcecode.swift; path = Photo.swift; sourceTree = "<group>"; usesTabs = 1; };
		A217601F1ACDC2E3000BF6E2 /* DownloadPhotos.swift */ = {isa = PBXFileReference; fileEncoding = 4; lastKnownFileType = sourcecode.swift; path = DownloadPhotos.swift; sourceTree = "<group>"; usesTabs = 1; };
		A25037CC1B8346700098D00D /* PhotoCell.swift */ = {isa = PBXFileReference; fileEncoding = 4; lastKnownFileType = sourcecode.swift; path = PhotoCell.swift; sourceTree = "<group>"; usesTabs = 1; };
		A2A5F5BC1ACDB9FA00BF8525 /* Virtual Tourist.app */ = {isa = PBXFileReference; explicitFileType = wrapper.application; includeInIndex = 0; path = "Virtual Tourist.app"; sourceTree = BUILT_PRODUCTS_DIR; };
		A2A5F5C01ACDB9FA00BF8525 /* Info.plist */ = {isa = PBXFileReference; lastKnownFileType = text.plist.xml; path = Info.plist; sourceTree = "<group>"; };
		A2A5F5C11ACDB9FA00BF8525 /* AppDelegate.swift */ = {isa = PBXFileReference; lastKnownFileType = sourcecode.swift; path = AppDelegate.swift; sourceTree = "<group>"; usesTabs = 1; };
		A2A5F5C61ACDB9FA00BF8525 /* Base */ = {isa = PBXFileReference; lastKnownFileType = file.storyboard; name = Base; path = Base.lproj/Main.storyboard; sourceTree = "<group>"; };
		A2A5F5C81ACDB9FA00BF8525 /* Images.xcassets */ = {isa = PBXFileReference; lastKnownFileType = folder.assetcatalog; path = Images.xcassets; sourceTree = "<group>"; };
		A2A5F5CB1ACDB9FA00BF8525 /* Base */ = {isa = PBXFileReference; lastKnownFileType = file.xib; name = Base; path = Base.lproj/LaunchScreen.xib; sourceTree = "<group>"; };
		A2A5F5D11ACDB9FA00BF8525 /* Virtual TouristTests.xctest */ = {isa = PBXFileReference; explicitFileType = wrapper.cfbundle; includeInIndex = 0; path = "Virtual TouristTests.xctest"; sourceTree = BUILT_PRODUCTS_DIR; };
		A2A5F5D61ACDB9FA00BF8525 /* Info.plist */ = {isa = PBXFileReference; lastKnownFileType = text.plist.xml; path = Info.plist; sourceTree = "<group>"; };
		A2A5F5D71ACDB9FA00BF8525 /* Virtual_TouristTests.swift */ = {isa = PBXFileReference; lastKnownFileType = sourcecode.swift; path = Virtual_TouristTests.swift; sourceTree = "<group>"; };
		A2E8B88D1B84965C00BEE7BC /* PhotoCollectionView.swift */ = {isa = PBXFileReference; fileEncoding = 4; lastKnownFileType = sourcecode.swift; path = PhotoCollectionView.swift; sourceTree = "<group>"; usesTabs = 1; };
		A2FDB8D11B81328500D302CE /* Map.swift */ = {isa = PBXFileReference; fileEncoding = 4; lastKnownFileType = sourcecode.swift; path = Map.swift; sourceTree = "<group>"; usesTabs = 1; };
/* End PBXFileReference section */

/* Begin PBXFrameworksBuildPhase section */
		A2A5F5B91ACDB9FA00BF8525 /* Frameworks */ = {
			isa = PBXFrameworksBuildPhase;
			buildActionMask = 2147483647;
			files = (
				A21760161ACDBF1F000BF6E2 /* MapKit.framework in Frameworks */,
			);
			runOnlyForDeploymentPostprocessing = 0;
		};
		A2A5F5CE1ACDB9FA00BF8525 /* Frameworks */ = {
			isa = PBXFrameworksBuildPhase;
			buildActionMask = 2147483647;
			files = (
			);
			runOnlyForDeploymentPostprocessing = 0;
		};
/* End PBXFrameworksBuildPhase section */

/* Begin PBXGroup section */
		A2A5F5B31ACDB9FA00BF8525 = {
			isa = PBXGroup;
			children = (
				A21760151ACDBF1F000BF6E2 /* MapKit.framework */,
				A2A5F5BE1ACDB9FA00BF8525 /* Virtual Tourist */,
				A2A5F5D41ACDB9FA00BF8525 /* Virtual TouristTests */,
				A2A5F5BD1ACDB9FA00BF8525 /* Products */,
			);
			sourceTree = "<group>";
			usesTabs = 1;
		};
		A2A5F5BD1ACDB9FA00BF8525 /* Products */ = {
			isa = PBXGroup;
			children = (
				A2A5F5BC1ACDB9FA00BF8525 /* Virtual Tourist.app */,
				A2A5F5D11ACDB9FA00BF8525 /* Virtual TouristTests.xctest */,
			);
			name = Products;
			sourceTree = "<group>";
		};
		A2A5F5BE1ACDB9FA00BF8525 /* Virtual Tourist */ = {
			isa = PBXGroup;
			children = (
				A2A5F5C51ACDB9FA00BF8525 /* Main.storyboard */,
				A2A5F5C11ACDB9FA00BF8525 /* AppDelegate.swift */,
				A21760171ACDC1D7000BF6E2 /* MapViewController.swift */,
				A207FFC71ACE39D200A07829 /* PhotoAlbumViewController.swift */,
				A217601F1ACDC2E3000BF6E2 /* DownloadPhotos.swift */,
				A25037CC1B8346700098D00D /* PhotoCell.swift */,
				A2E8B88D1B84965C00BEE7BC /* PhotoCollectionView.swift */,
				A213C3A01B7E6F1D00BE05B8 /* CoreDataStackManager.swift */,
				A2FDB8D31B81526100D302CE /* Model */,
				A2A5F5CA1ACDB9FA00BF8525 /* LaunchScreen.xib */,
				A2A5F5C81ACDB9FA00BF8525 /* Images.xcassets */,
				A2A5F5BF1ACDB9FA00BF8525 /* Supporting Files */,
			);
			path = "Virtual Tourist";
			sourceTree = "<group>";
		};
		A2A5F5BF1ACDB9FA00BF8525 /* Supporting Files */ = {
			isa = PBXGroup;
			children = (
				A2A5F5C01ACDB9FA00BF8525 /* Info.plist */,
			);
			name = "Supporting Files";
			sourceTree = "<group>";
		};
		A2A5F5D41ACDB9FA00BF8525 /* Virtual TouristTests */ = {
			isa = PBXGroup;
			children = (
				A2A5F5D71ACDB9FA00BF8525 /* Virtual_TouristTests.swift */,
				A2A5F5D51ACDB9FA00BF8525 /* Supporting Files */,
			);
			path = "Virtual TouristTests";
			sourceTree = "<group>";
		};
		A2A5F5D51ACDB9FA00BF8525 /* Supporting Files */ = {
			isa = PBXGroup;
			children = (
				A2A5F5D61ACDB9FA00BF8525 /* Info.plist */,
			);
			name = "Supporting Files";
			sourceTree = "<group>";
		};
		A2FDB8D31B81526100D302CE /* Model */ = {
			isa = PBXGroup;
			children = (
				A213C3A21B7E707700BE05B8 /* Model.xcdatamodeld */,
				A217601B1ACDC226000BF6E2 /* Pin.swift */,
				A217601D1ACDC23D000BF6E2 /* Photo.swift */,
				A2FDB8D11B81328500D302CE /* Map.swift */,
			);
			name = Model;
			sourceTree = "<group>";
		};
/* End PBXGroup section */

/* Begin PBXNativeTarget section */
		A2A5F5BB1ACDB9FA00BF8525 /* Virtual Tourist */ = {
			isa = PBXNativeTarget;
			buildConfigurationList = A2A5F5DB1ACDB9FA00BF8525 /* Build configuration list for PBXNativeTarget "Virtual Tourist" */;
			buildPhases = (
				A2A5F5B81ACDB9FA00BF8525 /* Sources */,
				A2A5F5B91ACDB9FA00BF8525 /* Frameworks */,
				A2A5F5BA1ACDB9FA00BF8525 /* Resources */,
			);
			buildRules = (
			);
			dependencies = (
			);
			name = "Virtual Tourist";
			productName = "Virtual Tourist";
			productReference = A2A5F5BC1ACDB9FA00BF8525 /* Virtual Tourist.app */;
			productType = "com.apple.product-type.application";
		};
		A2A5F5D01ACDB9FA00BF8525 /* Virtual TouristTests */ = {
			isa = PBXNativeTarget;
			buildConfigurationList = A2A5F5DE1ACDB9FA00BF8525 /* Build configuration list for PBXNativeTarget "Virtual TouristTests" */;
			buildPhases = (
				A2A5F5CD1ACDB9FA00BF8525 /* Sources */,
				A2A5F5CE1ACDB9FA00BF8525 /* Frameworks */,
				A2A5F5CF1ACDB9FA00BF8525 /* Resources */,
			);
			buildRules = (
			);
			dependencies = (
				A2A5F5D31ACDB9FA00BF8525 /* PBXTargetDependency */,
			);
			name = "Virtual TouristTests";
			productName = "Virtual TouristTests";
			productReference = A2A5F5D11ACDB9FA00BF8525 /* Virtual TouristTests.xctest */;
			productType = "com.apple.product-type.bundle.unit-test";
		};
/* End PBXNativeTarget section */

/* Begin PBXProject section */
		A2A5F5B41ACDB9FA00BF8525 /* Project object */ = {
			isa = PBXProject;
			attributes = {
				LastSwiftMigration = 0700;
				LastSwiftUpdateCheck = 0700;
				LastUpgradeCheck = 1010;
				ORGANIZATIONNAME = "Daniel Riehs";
				TargetAttributes = {
					A2A5F5BB1ACDB9FA00BF8525 = {
						CreatedOnToolsVersion = 6.2;
						DevelopmentTeam = CWQL44X59A;
						LastSwiftMigration = 0900;
					};
					A2A5F5D01ACDB9FA00BF8525 = {
						CreatedOnToolsVersion = 6.2;
						LastSwiftMigration = 0900;
						TestTargetID = A2A5F5BB1ACDB9FA00BF8525;
					};
				};
			};
			buildConfigurationList = A2A5F5B71ACDB9FA00BF8525 /* Build configuration list for PBXProject "Virtual Tourist" */;
			compatibilityVersion = "Xcode 3.2";
			developmentRegion = English;
			hasScannedForEncodings = 0;
			knownRegions = (
				en,
				Base,
			);
			mainGroup = A2A5F5B31ACDB9FA00BF8525;
			productRefGroup = A2A5F5BD1ACDB9FA00BF8525 /* Products */;
			projectDirPath = "";
			projectRoot = "";
			targets = (
				A2A5F5BB1ACDB9FA00BF8525 /* Virtual Tourist */,
				A2A5F5D01ACDB9FA00BF8525 /* Virtual TouristTests */,
			);
		};
/* End PBXProject section */

/* Begin PBXResourcesBuildPhase section */
		A2A5F5BA1ACDB9FA00BF8525 /* Resources */ = {
			isa = PBXResourcesBuildPhase;
			buildActionMask = 2147483647;
			files = (
				A2A5F5C71ACDB9FA00BF8525 /* Main.storyboard in Resources */,
				A2A5F5CC1ACDB9FA00BF8525 /* LaunchScreen.xib in Resources */,
				A2A5F5C91ACDB9FA00BF8525 /* Images.xcassets in Resources */,
			);
			runOnlyForDeploymentPostprocessing = 0;
		};
		A2A5F5CF1ACDB9FA00BF8525 /* Resources */ = {
			isa = PBXResourcesBuildPhase;
			buildActionMask = 2147483647;
			files = (
			);
			runOnlyForDeploymentPostprocessing = 0;
		};
/* End PBXResourcesBuildPhase section */

/* Begin PBXSourcesBuildPhase section */
		A2A5F5B81ACDB9FA00BF8525 /* Sources */ = {
			isa = PBXSourcesBuildPhase;
			buildActionMask = 2147483647;
			files = (
				A21760201ACDC2E3000BF6E2 /* DownloadPhotos.swift in Sources */,
				A217601E1ACDC23D000BF6E2 /* Photo.swift in Sources */,
				A217601C1ACDC226000BF6E2 /* Pin.swift in Sources */,
				A213C3A41B7E707700BE05B8 /* Model.xcdatamodeld in Sources */,
				A213C3A11B7E6F1D00BE05B8 /* CoreDataStackManager.swift in Sources */,
				A21760181ACDC1D7000BF6E2 /* MapViewController.swift in Sources */,
				A25037CD1B8346700098D00D /* PhotoCell.swift in Sources */,
				A2A5F5C21ACDB9FA00BF8525 /* AppDelegate.swift in Sources */,
				A2FDB8D21B81328500D302CE /* Map.swift in Sources */,
				A2E8B88E1B84965C00BEE7BC /* PhotoCollectionView.swift in Sources */,
				A207FFC81ACE39D200A07829 /* PhotoAlbumViewController.swift in Sources */,
			);
			runOnlyForDeploymentPostprocessing = 0;
		};
		A2A5F5CD1ACDB9FA00BF8525 /* Sources */ = {
			isa = PBXSourcesBuildPhase;
			buildActionMask = 2147483647;
			files = (
				A2A5F5D81ACDB9FA00BF8525 /* Virtual_TouristTests.swift in Sources */,
			);
			runOnlyForDeploymentPostprocessing = 0;
		};
/* End PBXSourcesBuildPhase section */

/* Begin PBXTargetDependency section */
		A2A5F5D31ACDB9FA00BF8525 /* PBXTargetDependency */ = {
			isa = PBXTargetDependency;
			target = A2A5F5BB1ACDB9FA00BF8525 /* Virtual Tourist */;
			targetProxy = A2A5F5D21ACDB9FA00BF8525 /* PBXContainerItemProxy */;
		};
/* End PBXTargetDependency section */

/* Begin PBXVariantGroup section */
		A2A5F5C51ACDB9FA00BF8525 /* Main.storyboard */ = {
			isa = PBXVariantGroup;
			children = (
				A2A5F5C61ACDB9FA00BF8525 /* Base */,
			);
			name = Main.storyboard;
			sourceTree = "<group>";
		};
		A2A5F5CA1ACDB9FA00BF8525 /* LaunchScreen.xib */ = {
			isa = PBXVariantGroup;
			children = (
				A2A5F5CB1ACDB9FA00BF8525 /* Base */,
			);
			name = LaunchScreen.xib;
			sourceTree = "<group>";
		};
/* End PBXVariantGroup section */

/* Begin XCBuildConfiguration section */
		A2A5F5D91ACDB9FA00BF8525 /* Debug */ = {
			isa = XCBuildConfiguration;
			buildSettings = {
				ALWAYS_SEARCH_USER_PATHS = NO;
				CLANG_CXX_LANGUAGE_STANDARD = "gnu++0x";
				CLANG_CXX_LIBRARY = "libc++";
				CLANG_ENABLE_MODULES = YES;
				CLANG_ENABLE_OBJC_ARC = YES;
				CLANG_WARN_BLOCK_CAPTURE_AUTORELEASING = YES;
				CLANG_WARN_BOOL_CONVERSION = YES;
				CLANG_WARN_COMMA = YES;
				CLANG_WARN_CONSTANT_CONVERSION = YES;
				CLANG_WARN_DEPRECATED_OBJC_IMPLEMENTATIONS = YES;
				CLANG_WARN_DIRECT_OBJC_ISA_USAGE = YES_ERROR;
				CLANG_WARN_EMPTY_BODY = YES;
				CLANG_WARN_ENUM_CONVERSION = YES;
				CLANG_WARN_INFINITE_RECURSION = YES;
				CLANG_WARN_INT_CONVERSION = YES;
				CLANG_WARN_NON_LITERAL_NULL_CONVERSION = YES;
				CLANG_WARN_OBJC_IMPLICIT_RETAIN_SELF = YES;
				CLANG_WARN_OBJC_LITERAL_CONVERSION = YES;
				CLANG_WARN_OBJC_ROOT_CLASS = YES_ERROR;
				CLANG_WARN_RANGE_LOOP_ANALYSIS = YES;
				CLANG_WARN_STRICT_PROTOTYPES = YES;
				CLANG_WARN_SUSPICIOUS_MOVE = YES;
				CLANG_WARN_UNREACHABLE_CODE = YES;
				CLANG_WARN__DUPLICATE_METHOD_MATCH = YES;
				"CODE_SIGN_IDENTITY[sdk=iphoneos*]" = "iPhone Developer";
				COPY_PHASE_STRIP = NO;
				ENABLE_STRICT_OBJC_MSGSEND = YES;
				ENABLE_TESTABILITY = YES;
				GCC_C_LANGUAGE_STANDARD = gnu99;
				GCC_DYNAMIC_NO_PIC = NO;
				GCC_NO_COMMON_BLOCKS = YES;
				GCC_OPTIMIZATION_LEVEL = 0;
				GCC_PREPROCESSOR_DEFINITIONS = (
					"DEBUG=1",
					"$(inherited)",
				);
				GCC_SYMBOLS_PRIVATE_EXTERN = NO;
				GCC_WARN_64_TO_32_BIT_CONVERSION = YES;
				GCC_WARN_ABOUT_RETURN_TYPE = YES_ERROR;
				GCC_WARN_UNDECLARED_SELECTOR = YES;
				GCC_WARN_UNINITIALIZED_AUTOS = YES_AGGRESSIVE;
				GCC_WARN_UNUSED_FUNCTION = YES;
				GCC_WARN_UNUSED_VARIABLE = YES;
				IPHONEOS_DEPLOYMENT_TARGET = 12.0;
				MTL_ENABLE_DEBUG_INFO = YES;
				ONLY_ACTIVE_ARCH = YES;
				SDKROOT = iphoneos;
				SWIFT_OPTIMIZATION_LEVEL = "-Onone";
				SWIFT_SWIFT3_OBJC_INFERENCE = Default;
			};
			name = Debug;
		};
		A2A5F5DA1ACDB9FA00BF8525 /* Release */ = {
			isa = XCBuildConfiguration;
			buildSettings = {
				ALWAYS_SEARCH_USER_PATHS = NO;
				CLANG_CXX_LANGUAGE_STANDARD = "gnu++0x";
				CLANG_CXX_LIBRARY = "libc++";
				CLANG_ENABLE_MODULES = YES;
				CLANG_ENABLE_OBJC_ARC = YES;
				CLANG_WARN_BLOCK_CAPTURE_AUTORELEASING = YES;
				CLANG_WARN_BOOL_CONVERSION = YES;
				CLANG_WARN_COMMA = YES;
				CLANG_WARN_CONSTANT_CONVERSION = YES;
				CLANG_WARN_DEPRECATED_OBJC_IMPLEMENTATIONS = YES;
				CLANG_WARN_DIRECT_OBJC_ISA_USAGE = YES_ERROR;
				CLANG_WARN_EMPTY_BODY = YES;
				CLANG_WARN_ENUM_CONVERSION = YES;
				CLANG_WARN_INFINITE_RECURSION = YES;
				CLANG_WARN_INT_CONVERSION = YES;
				CLANG_WARN_NON_LITERAL_NULL_CONVERSION = YES;
				CLANG_WARN_OBJC_IMPLICIT_RETAIN_SELF = YES;
				CLANG_WARN_OBJC_LITERAL_CONVERSION = YES;
				CLANG_WARN_OBJC_ROOT_CLASS = YES_ERROR;
				CLANG_WARN_RANGE_LOOP_ANALYSIS = YES;
				CLANG_WARN_STRICT_PROTOTYPES = YES;
				CLANG_WARN_SUSPICIOUS_MOVE = YES;
				CLANG_WARN_UNREACHABLE_CODE = YES;
				CLANG_WARN__DUPLICATE_METHOD_MATCH = YES;
				"CODE_SIGN_IDENTITY[sdk=iphoneos*]" = "iPhone Developer";
				COPY_PHASE_STRIP = NO;
				ENABLE_NS_ASSERTIONS = NO;
				ENABLE_STRICT_OBJC_MSGSEND = YES;
				GCC_C_LANGUAGE_STANDARD = gnu99;
				GCC_NO_COMMON_BLOCKS = YES;
				GCC_WARN_64_TO_32_BIT_CONVERSION = YES;
				GCC_WARN_ABOUT_RETURN_TYPE = YES_ERROR;
				GCC_WARN_UNDECLARED_SELECTOR = YES;
				GCC_WARN_UNINITIALIZED_AUTOS = YES_AGGRESSIVE;
				GCC_WARN_UNUSED_FUNCTION = YES;
				GCC_WARN_UNUSED_VARIABLE = YES;
				IPHONEOS_DEPLOYMENT_TARGET = 12.0;
				MTL_ENABLE_DEBUG_INFO = NO;
				SDKROOT = iphoneos;
				SWIFT_OPTIMIZATION_LEVEL = "-Owholemodule";
				SWIFT_SWIFT3_OBJC_INFERENCE = Default;
				VALIDATE_PRODUCT = YES;
			};
			name = Release;
		};
		A2A5F5DC1ACDB9FA00BF8525 /* Debug */ = {
			isa = XCBuildConfiguration;
			buildSettings = {
				ASSETCATALOG_COMPILER_APPICON_NAME = AppIcon;
				CODE_SIGN_IDENTITY = "iPhone Developer";
				"CODE_SIGN_IDENTITY[sdk=iphoneos*]" = "iPhone Developer";
				INFOPLIST_FILE = "Virtual Tourist/Info.plist";
				IPHONEOS_DEPLOYMENT_TARGET = 8.4;
				LD_RUNPATH_SEARCH_PATHS = "$(inherited) @executable_path/Frameworks";
				PRODUCT_BUNDLE_IDENTIFIER = "com.danielriehs.$(PRODUCT_NAME:rfc1034identifier)";
				PRODUCT_NAME = "$(TARGET_NAME)";
				PROVISIONING_PROFILE = "";
				SWIFT_SWIFT3_OBJC_INFERENCE = On;
				SWIFT_VERSION = 4.0;
			};
			name = Debug;
		};
		A2A5F5DD1ACDB9FA00BF8525 /* Release */ = {
			isa = XCBuildConfiguration;
			buildSettings = {
				ASSETCATALOG_COMPILER_APPICON_NAME = AppIcon;
				CODE_SIGN_IDENTITY = "iPhone Developer";
				"CODE_SIGN_IDENTITY[sdk=iphoneos*]" = "iPhone Developer";
				INFOPLIST_FILE = "Virtual Tourist/Info.plist";
				IPHONEOS_DEPLOYMENT_TARGET = 8.4;
				LD_RUNPATH_SEARCH_PATHS = "$(inherited) @executable_path/Frameworks";
				PRODUCT_BUNDLE_IDENTIFIER = "com.danielriehs.$(PRODUCT_NAME:rfc1034identifier)";
				PRODUCT_NAME = "$(TARGET_NAME)";
				PROVISIONING_PROFILE = "";
				SWIFT_SWIFT3_OBJC_INFERENCE = On;
				SWIFT_VERSION = 4.0;
			};
			name = Release;
		};
		A2A5F5DF1ACDB9FA00BF8525 /* Debug */ = {
			isa = XCBuildConfiguration;
			buildSettings = {
				BUNDLE_LOADER = "$(TEST_HOST)";
				GCC_PREPROCESSOR_DEFINITIONS = (
					"DEBUG=1",
					"$(inherited)",
				);
				INFOPLIST_FILE = "Virtual TouristTests/Info.plist";
				LD_RUNPATH_SEARCH_PATHS = "$(inherited) @executable_path/Frameworks @loader_path/Frameworks";
				PRODUCT_BUNDLE_IDENTIFIER = "com.danielriehs.$(PRODUCT_NAME:rfc1034identifier)";
				PRODUCT_NAME = "$(TARGET_NAME)";
				SWIFT_SWIFT3_OBJC_INFERENCE = On;
				SWIFT_VERSION = 4.0;
				TEST_HOST = "$(BUILT_PRODUCTS_DIR)/Virtual Tourist.app/Virtual Tourist";
			};
			name = Debug;
		};
		A2A5F5E01ACDB9FA00BF8525 /* Release */ = {
			isa = XCBuildConfiguration;
			buildSettings = {
				BUNDLE_LOADER = "$(TEST_HOST)";
				INFOPLIST_FILE = "Virtual TouristTests/Info.plist";
				LD_RUNPATH_SEARCH_PATHS = "$(inherited) @executable_path/Frameworks @loader_path/Frameworks";
				PRODUCT_BUNDLE_IDENTIFIER = "com.danielriehs.$(PRODUCT_NAME:rfc1034identifier)";
				PRODUCT_NAME = "$(TARGET_NAME)";
				SWIFT_SWIFT3_OBJC_INFERENCE = On;
				SWIFT_VERSION = 4.0;
				TEST_HOST = "$(BUILT_PRODUCTS_DIR)/Virtual Tourist.app/Virtual Tourist";
			};
			name = Release;
		};
/* End XCBuildConfiguration section */

/* Begin XCConfigurationList section */
		A2A5F5B71ACDB9FA00BF8525 /* Build configuration list for PBXProject "Virtual Tourist" */ = {
			isa = XCConfigurationList;
			buildConfigurations = (
				A2A5F5D91ACDB9FA00BF8525 /* Debug */,
				A2A5F5DA1ACDB9FA00BF8525 /* Release */,
			);
			defaultConfigurationIsVisible = 0;
			defaultConfigurationName = Release;
		};
		A2A5F5DB1ACDB9FA00BF8525 /* Build configuration list for PBXNativeTarget "Virtual Tourist" */ = {
			isa = XCConfigurationList;
			buildConfigurations = (
				A2A5F5DC1ACDB9FA00BF8525 /* Debug */,
				A2A5F5DD1ACDB9FA00BF8525 /* Release */,
			);
			defaultConfigurationIsVisible = 0;
			defaultConfigurationName = Release;
		};
		A2A5F5DE1ACDB9FA00BF8525 /* Build configuration list for PBXNativeTarget "Virtual TouristTests" */ = {
			isa = XCConfigurationList;
			buildConfigurations = (
				A2A5F5DF1ACDB9FA00BF8525 /* Debug */,
				A2A5F5E01ACDB9FA00BF8525 /* Release */,
			);
			defaultConfigurationIsVisible = 0;
			defaultConfigurationName = Release;
		};
/* End XCConfigurationList section */

/* Begin XCVersionGroup section */
		A213C3A21B7E707700BE05B8 /* Model.xcdatamodeld */ = {
			isa = XCVersionGroup;
			children = (
				A213C3A31B7E707700BE05B8 /* Model.xcdatamodel */,
			);
			currentVersion = A213C3A31B7E707700BE05B8 /* Model.xcdatamodel */;
			path = Model.xcdatamodeld;
			sourceTree = "<group>";
			versionGroupType = wrapper.xcdatamodel;
		};
/* End XCVersionGroup section */
	};
	rootObject = A2A5F5B41ACDB9FA00BF8525 /* Project object */;
}
